
Microsoft Visual Studio Solution File, Format Version 12.00
# Visual Studio Version 16
VisualStudioVersion = 16.0.34114.132
MinimumVisualStudioVersion = 10.0.40219.1
Project("{FAE04EC0-301F-11D3-BF4B-00C04F79EFBC}") = "kayıtAlma", "kayıtAlma\kayıtAlma.csproj", "{3391D9BC-ECE5-4D16-920E-1A2021ECFF65}"
EndProject
Global
	GlobalSection(SolutionConfigurationPlatforms) = preSolution
		Debug|Any CPU = Debug|Any CPU
		Release|Any CPU = Release|Any CPU
	EndGlobalSection
	GlobalSection(ProjectConfigurationPlatforms) = postSolution
		{3391D9BC-ECE5-4D16-920E-1A2021ECFF65}.Debug|Any CPU.ActiveCfg = Debug|Any CPU
		{3391D9BC-ECE5-4D16-920E-1A2021ECFF65}.Debug|Any CPU.Build.0 = Debug|Any CPU
		{3391D9BC-ECE5-4D16-920E-1A2021ECFF65}.Release|Any CPU.ActiveCfg = Release|Any CPU
		{3391D9BC-ECE5-4D16-920E-1A2021ECFF65}.Release|Any CPU.Build.0 = Release|Any CPU
	EndGlobalSection
	GlobalSection(SolutionProperties) = preSolution
		HideSolutionNode = FALSE
	EndGlobalSection
	GlobalSection(ExtensibilityGlobals) = postSolution
		SolutionGuid = {DCD71FCD-543B-40E0-9E2A-C7E90C54C448}
	EndGlobalSection
EndGlobal
